
Microsoft Visual Studio Solution File, Format Version 12.00
# Visual Studio Version 16
VisualStudioVersion = 16.0.31729.503
MinimumVisualStudioVersion = 10.0.40219.1
Project("{FAE04EC0-301F-11D3-BF4B-00C04F79EFBC}") = "AR.WorkerService", "AR.WorkerService\AR.WorkerService.csproj", "{4AC525A6-3F07-440E-9868-DF05EFF1CF58}"
EndProject
Global
	GlobalSection(SolutionConfigurationPlatforms) = preSolution
		Debug|Any CPU = Debug|Any CPU
		Release|Any CPU = Release|Any CPU
	EndGlobalSection
	GlobalSection(ProjectConfigurationPlatforms) = postSolution
		{4AC525A6-3F07-440E-9868-DF05EFF1CF58}.Debug|Any CPU.ActiveCfg = Debug|Any CPU
		{4AC525A6-3F07-440E-9868-DF05EFF1CF58}.Debug|Any CPU.Build.0 = Debug|Any CPU
		{4AC525A6-3F07-440E-9868-DF05EFF1CF58}.Release|Any CPU.ActiveCfg = Release|Any CPU
		{4AC525A6-3F07-440E-9868-DF05EFF1CF58}.Release|Any CPU.Build.0 = Release|Any CPU
	EndGlobalSection
	GlobalSection(SolutionProperties) = preSolution
		HideSolutionNode = FALSE
	EndGlobalSection
	GlobalSection(ExtensibilityGlobals) = postSolution
		SolutionGuid = {D68CF1D6-4966-451E-98A8-04624A90CC6F}
	EndGlobalSection
EndGlobal
